{
  "lockVersion": 1,
  "packages": {
    "evg": {
      "git": "https://github.com/terotests/evg.git",
      "rev": "0e9240b9c60ca184e1bee7b57c5e2f3ff086b852",
      "subdir": "storm",
      "sha256": "3d4b8a4c6ea6513e8c3ba08a5feaec2dc5634cb7da9b3cd505abede1f76db59a"
    },
    "image": {
      "git": "https://github.com/terotests/evg.git",
      "rev": "0e9240b9c60ca184e1bee7b57c5e2f3ff086b852",
      "subdir": "image",
      "sha256": "ab9804949d5564dc802d6f236fff9f701519213add55d2b03b217ee50d369076"
    },
    "zip": {
      "git": "https://github.com/terotests/evg.git",
      "rev": "0e9240b9c60ca184e1bee7b57c5e2f3ff086b852",
      "subdir": "zip",
      "sha256": "c9a617acbc94bddbc56eac40ed9947815f1398eb0890fd2932f5d1b5e810a625"
    }
  }
}
